
Microsoft Visual Studio Solution File, Format Version 12.00
# Visual Studio Version 17
VisualStudioVersion = 17.9.34622.214
MinimumVisualStudioVersion = 10.0.40219.1
Project("{9A19103F-16F7-4668-BE54-9A1E7A4F7556}") = "Chat.Core", "Chat.Core\Chat.Core.csproj", "{7EE04BFA-70E8-44D2-83EB-DE7F5ED4DFD6}"
EndProject
Project("{9A19103F-16F7-4668-BE54-9A1E7A4F7556}") = "Users.DataAccess", "Users.DataAccess\Users.DataAccess.csproj", "{69D210C0-A244-4B13-B28C-39FCE309613F}"
EndProject
Project("{9A19103F-16F7-4668-BE54-9A1E7A4F7556}") = "MutniyZadanieChatASPNet.API", "MutniyZadanieChatASPNet\MutniyZadanieChatASPNet.API.csproj", "{9218E172-A182-45BE-A21A-CF29FA032AC3}"
EndProject
Project("{9A19103F-16F7-4668-BE54-9A1E7A4F7556}") = "Users.Application", "Users.Application\Users.Application.csproj", "{C1BE13DF-215F-4170-BB32-536EE97DD506}"
EndProject
Global
	GlobalSection(SolutionConfigurationPlatforms) = preSolution
		Debug|Any CPU = Debug|Any CPU
		Release|Any CPU = Release|Any CPU
	EndGlobalSection
	GlobalSection(ProjectConfigurationPlatforms) = postSolution
		{7EE04BFA-70E8-44D2-83EB-DE7F5ED4DFD6}.Debug|Any CPU.ActiveCfg = Debug|Any CPU
		{7EE04BFA-70E8-44D2-83EB-DE7F5ED4DFD6}.Debug|Any CPU.Build.0 = Debug|Any CPU
		{7EE04BFA-70E8-44D2-83EB-DE7F5ED4DFD6}.Release|Any CPU.ActiveCfg = Release|Any CPU
		{7EE04BFA-70E8-44D2-83EB-DE7F5ED4DFD6}.Release|Any CPU.Build.0 = Release|Any CPU
		{69D210C0-A244-4B13-B28C-39FCE309613F}.Debug|Any CPU.ActiveCfg = Debug|Any CPU
		{69D210C0-A244-4B13-B28C-39FCE309613F}.Debug|Any CPU.Build.0 = Debug|Any CPU
		{69D210C0-A244-4B13-B28C-39FCE309613F}.Release|Any CPU.ActiveCfg = Release|Any CPU
		{69D210C0-A244-4B13-B28C-39FCE309613F}.Release|Any CPU.Build.0 = Release|Any CPU
		{9218E172-A182-45BE-A21A-CF29FA032AC3}.Debug|Any CPU.ActiveCfg = Debug|Any CPU
		{9218E172-A182-45BE-A21A-CF29FA032AC3}.Debug|Any CPU.Build.0 = Debug|Any CPU
		{9218E172-A182-45BE-A21A-CF29FA032AC3}.Release|Any CPU.ActiveCfg = Release|Any CPU
		{9218E172-A182-45BE-A21A-CF29FA032AC3}.Release|Any CPU.Build.0 = Release|Any CPU
		{C1BE13DF-215F-4170-BB32-536EE97DD506}.Debug|Any CPU.ActiveCfg = Debug|Any CPU
		{C1BE13DF-215F-4170-BB32-536EE97DD506}.Debug|Any CPU.Build.0 = Debug|Any CPU
		{C1BE13DF-215F-4170-BB32-536EE97DD506}.Release|Any CPU.ActiveCfg = Release|Any CPU
		{C1BE13DF-215F-4170-BB32-536EE97DD506}.Release|Any CPU.Build.0 = Release|Any CPU
	EndGlobalSection
	GlobalSection(SolutionProperties) = preSolution
		HideSolutionNode = FALSE
	EndGlobalSection
	GlobalSection(ExtensibilityGlobals) = postSolution
		SolutionGuid = {C81B7053-8834-4EF1-B68B-63BB3BC72587}
	EndGlobalSection
EndGlobal
